// !$*UTF8*$!
{
	archiveVersion = 1;
	classes = {
	};
	objectVersion = 46;
	objects = {

/* Begin PBXBuildFile section */
		7A2A4BEC18928B5B00DE8199 /* Foundation.framework in Frameworks */ = {isa = PBXBuildFile; fileRef = 7A2A4BEB18928B5B00DE8199 /* Foundation.framework */; };
		7A2A4BEE18928B5B00DE8199 /* CoreGraphics.framework in Frameworks */ = {isa = PBXBuildFile; fileRef = 7A2A4BED18928B5B00DE8199 /* CoreGraphics.framework */; };
		7A2A4BF018928B5B00DE8199 /* UIKit.framework in Frameworks */ = {isa = PBXBuildFile; fileRef = 7A2A4BEF18928B5B00DE8199 /* UIKit.framework */; };
		7A2A4BF218928B5B00DE8199 /* CoreData.framework in Frameworks */ = {isa = PBXBuildFile; fileRef = 7A2A4BF118928B5B00DE8199 /* CoreData.framework */; };
		7A2A4BF818928B5B00DE8199 /* InfoPlist.strings in Resources */ = {isa = PBXBuildFile; fileRef = 7A2A4BF618928B5B00DE8199 /* InfoPlist.strings */; };
		7A2A4BFA18928B5B00DE8199 /* main.m in Sources */ = {isa = PBXBuildFile; fileRef = 7A2A4BF918928B5B00DE8199 /* main.m */; };
		7A2A4BFE18928B5B00DE8199 /* AppDelegate.m in Sources */ = {isa = PBXBuildFile; fileRef = 7A2A4BFD18928B5B00DE8199 /* AppDelegate.m */; };
		7A2A4C0118928B5B00DE8199 /* Main.storyboard in Resources */ = {isa = PBXBuildFile; fileRef = 7A2A4BFF18928B5B00DE8199 /* Main.storyboard */; };
		7A2A4C0418928B5B00DE8199 /* ControllingSource.xcdatamodeld in Sources */ = {isa = PBXBuildFile; fileRef = 7A2A4C0218928B5B00DE8199 /* ControllingSource.xcdatamodeld */; };
		7A2A4C0718928B5B00DE8199 /* MasterViewController.m in Sources */ = {isa = PBXBuildFile; fileRef = 7A2A4C0618928B5B00DE8199 /* MasterViewController.m */; };
		7A2A4C0A18928B5B00DE8199 /* DetailViewController.m in Sources */ = {isa = PBXBuildFile; fileRef = 7A2A4C0918928B5B00DE8199 /* DetailViewController.m */; };
		7A2A4C0C18928B5B00DE8199 /* Images.xcassets in Resources */ = {isa = PBXBuildFile; fileRef = 7A2A4C0B18928B5B00DE8199 /* Images.xcassets */; };
		7A2A4C1318928B5B00DE8199 /* XCTest.framework in Frameworks */ = {isa = PBXBuildFile; fileRef = 7A2A4C1218928B5B00DE8199 /* XCTest.framework */; };
		7A2A4C1418928B5B00DE8199 /* Foundation.framework in Frameworks */ = {isa = PBXBuildFile; fileRef = 7A2A4BEB18928B5B00DE8199 /* Foundation.framework */; };
		7A2A4C1518928B5B00DE8199 /* UIKit.framework in Frameworks */ = {isa = PBXBuildFile; fileRef = 7A2A4BEF18928B5B00DE8199 /* UIKit.framework */; };
		7A2A4C1618928B5B00DE8199 /* CoreData.framework in Frameworks */ = {isa = PBXBuildFile; fileRef = 7A2A4BF118928B5B00DE8199 /* CoreData.framework */; };
		7A2A4C1E18928B5B00DE8199 /* InfoPlist.strings in Resources */ = {isa = PBXBuildFile; fileRef = 7A2A4C1C18928B5B00DE8199 /* InfoPlist.strings */; };
		7A2A4C2018928B5B00DE8199 /* ControllingSourceTests.m in Sources */ = {isa = PBXBuildFile; fileRef = 7A2A4C1F18928B5B00DE8199 /* ControllingSourceTests.m */; };
/* End PBXBuildFile section */

/* Begin PBXContainerItemProxy section */
		7A2A4C1718928B5B00DE8199 /* PBXContainerItemProxy */ = {
			isa = PBXContainerItemProxy;
			containerPortal = 7A2A4BE018928B5B00DE8199 /* Project object */;
			proxyType = 1;
			remoteGlobalIDString = 7A2A4BE718928B5B00DE8199;
			remoteInfo = ControllingSource;
		};
/* End PBXContainerItemProxy section */

/* Begin PBXFileReference section */
		7A2A4BE818928B5B00DE8199 /* ControllingSource.app */ = {isa = PBXFileReference; explicitFileType = wrapper.application; includeInIndex = 0; path = ControllingSource.app; sourceTree = BUILT_PRODUCTS_DIR; };
		7A2A4BEB18928B5B00DE8199 /* Foundation.framework */ = {isa = PBXFileReference; lastKnownFileType = wrapper.framework; name = Foundation.framework; path = System/Library/Frameworks/Foundation.framework; sourceTree = SDKROOT; };
		7A2A4BED18928B5B00DE8199 /* CoreGraphics.framework */ = {isa = PBXFileReference; lastKnownFileType = wrapper.framework; name = CoreGraphics.framework; path = System/Library/Frameworks/CoreGraphics.framework; sourceTree = SDKROOT; };
		7A2A4BEF18928B5B00DE8199 /* UIKit.framework */ = {isa = PBXFileReference; lastKnownFileType = wrapper.framework; name = UIKit.framework; path = System/Library/Frameworks/UIKit.framework; sourceTree = SDKROOT; };
		7A2A4BF118928B5B00DE8199 /* CoreData.framework */ = {isa = PBXFileReference; lastKnownFileType = wrapper.framework; name = CoreData.framework; path = System/Library/Frameworks/CoreData.framework; sourceTree = SDKROOT; };
		7A2A4BF518928B5B00DE8199 /* ControllingSource-Info.plist */ = {isa = PBXFileReference; lastKnownFileType = text.plist.xml; path = "ControllingSource-Info.plist"; sourceTree = "<group>"; };
		7A2A4BF718928B5B00DE8199 /* en */ = {isa = PBXFileReference; lastKnownFileType = text.plist.strings; name = en; path = en.lproj/InfoPlist.strings; sourceTree = "<group>"; };
		7A2A4BF918928B5B00DE8199 /* main.m */ = {isa = PBXFileReference; lastKnownFileType = sourcecode.c.objc; path = main.m; sourceTree = "<group>"; };
		7A2A4BFB18928B5B00DE8199 /* ControllingSource-Prefix.pch */ = {isa = PBXFileReference; lastKnownFileType = sourcecode.c.h; path = "ControllingSource-Prefix.pch"; sourceTree = "<group>"; };
		7A2A4BFC18928B5B00DE8199 /* AppDelegate.h */ = {isa = PBXFileReference; lastKnownFileType = sourcecode.c.h; path = AppDelegate.h; sourceTree = "<group>"; };
		7A2A4BFD18928B5B00DE8199 /* AppDelegate.m */ = {isa = PBXFileReference; lastKnownFileType = sourcecode.c.objc; path = AppDelegate.m; sourceTree = "<group>"; };
		7A2A4C0018928B5B00DE8199 /* Base */ = {isa = PBXFileReference; lastKnownFileType = file.storyboard; name = Base; path = Base.lproj/Main.storyboard; sourceTree = "<group>"; };
		7A2A4C0318928B5B00DE8199 /* ControllingSource.xcdatamodel */ = {isa = PBXFileReference; lastKnownFileType = wrapper.xcdatamodel; path = ControllingSource.xcdatamodel; sourceTree = "<group>"; };
		7A2A4C0518928B5B00DE8199 /* MasterViewController.h */ = {isa = PBXFileReference; lastKnownFileType = sourcecode.c.h; path = MasterViewController.h; sourceTree = "<group>"; };
		7A2A4C0618928B5B00DE8199 /* MasterViewController.m */ = {isa = PBXFileReference; lastKnownFileType = sourcecode.c.objc; path = MasterViewController.m; sourceTree = "<group>"; };
		7A2A4C0818928B5B00DE8199 /* DetailViewController.h */ = {isa = PBXFileReference; lastKnownFileType = sourcecode.c.h; path = DetailViewController.h; sourceTree = "<group>"; };
		7A2A4C0918928B5B00DE8199 /* DetailViewController.m */ = {isa = PBXFileReference; lastKnownFileType = sourcecode.c.objc; path = DetailViewController.m; sourceTree = "<group>"; };
		7A2A4C0B18928B5B00DE8199 /* Images.xcassets */ = {isa = PBXFileReference; lastKnownFileType = folder.assetcatalog; path = Images.xcassets; sourceTree = "<group>"; };
		7A2A4C1118928B5B00DE8199 /* ControllingSourceTests.xctest */ = {isa = PBXFileReference; explicitFileType = wrapper.cfbundle; includeInIndex = 0; path = ControllingSourceTests.xctest; sourceTree = BUILT_PRODUCTS_DIR; };
		7A2A4C1218928B5B00DE8199 /* XCTest.framework */ = {isa = PBXFileReference; lastKnownFileType = wrapper.framework; name = XCTest.framework; path = Library/Frameworks/XCTest.framework; sourceTree = DEVELOPER_DIR; };
		7A2A4C1B18928B5B00DE8199 /* ControllingSourceTests-Info.plist */ = {isa = PBXFileReference; lastKnownFileType = text.plist.xml; path = "ControllingSourceTests-Info.plist"; sourceTree = "<group>"; };
		7A2A4C1D18928B5B00DE8199 /* en */ = {isa = PBXFileReference; lastKnownFileType = text.plist.strings; name = en; path = en.lproj/InfoPlist.strings; sourceTree = "<group>"; };
		7A2A4C1F18928B5B00DE8199 /* ControllingSourceTests.m */ = {isa = PBXFileReference; lastKnownFileType = sourcecode.c.objc; path = ControllingSourceTests.m; sourceTree = "<group>"; };
/* End PBXFileReference section */

/* Begin PBXFrameworksBuildPhase section */
		7A2A4BE518928B5B00DE8199 /* Frameworks */ = {
			isa = PBXFrameworksBuildPhase;
			buildActionMask = 2147483647;
			files = (
				7A2A4BEE18928B5B00DE8199 /* CoreGraphics.framework in Frameworks */,
				7A2A4BF218928B5B00DE8199 /* CoreData.framework in Frameworks */,
				7A2A4BF018928B5B00DE8199 /* UIKit.framework in Frameworks */,
				7A2A4BEC18928B5B00DE8199 /* Foundation.framework in Frameworks */,
			);
			runOnlyForDeploymentPostprocessing = 0;
		};
		7A2A4C0E18928B5B00DE8199 /* Frameworks */ = {
			isa = PBXFrameworksBuildPhase;
			buildActionMask = 2147483647;
			files = (
				7A2A4C1318928B5B00DE8199 /* XCTest.framework in Frameworks */,
				7A2A4C1618928B5B00DE8199 /* CoreData.framework in Frameworks */,
				7A2A4C1518928B5B00DE8199 /* UIKit.framework in Frameworks */,
				7A2A4C1418928B5B00DE8199 /* Foundation.framework in Frameworks */,
			);
			runOnlyForDeploymentPostprocessing = 0;
		};
/* End PBXFrameworksBuildPhase section */

/* Begin PBXGroup section */
		7A2A4BDF18928B5B00DE8199 = {
			isa = PBXGroup;
			children = (
				7A2A4BF318928B5B00DE8199 /* ControllingSource */,
				7A2A4C1918928B5B00DE8199 /* ControllingSourceTests */,
				7A2A4BEA18928B5B00DE8199 /* Frameworks */,
				7A2A4BE918928B5B00DE8199 /* Products */,
			);
			sourceTree = "<group>";
		};
		7A2A4BE918928B5B00DE8199 /* Products */ = {
			isa = PBXGroup;
			children = (
				7A2A4BE818928B5B00DE8199 /* ControllingSource.app */,
				7A2A4C1118928B5B00DE8199 /* ControllingSourceTests.xctest */,
			);
			name = Products;
			sourceTree = "<group>";
		};
		7A2A4BEA18928B5B00DE8199 /* Frameworks */ = {
			isa = PBXGroup;
			children = (
				7A2A4BEB18928B5B00DE8199 /* Foundation.framework */,
				7A2A4BED18928B5B00DE8199 /* CoreGraphics.framework */,
				7A2A4BEF18928B5B00DE8199 /* UIKit.framework */,
				7A2A4BF118928B5B00DE8199 /* CoreData.framework */,
				7A2A4C1218928B5B00DE8199 /* XCTest.framework */,
			);
			name = Frameworks;
			sourceTree = "<group>";
		};
		7A2A4BF318928B5B00DE8199 /* ControllingSource */ = {
			isa = PBXGroup;
			children = (
				7A2A4BFC18928B5B00DE8199 /* AppDelegate.h */,
				7A2A4BFD18928B5B00DE8199 /* AppDelegate.m */,
				7A2A4BFF18928B5B00DE8199 /* Main.storyboard */,
				7A2A4C0518928B5B00DE8199 /* MasterViewController.h */,
				7A2A4C0618928B5B00DE8199 /* MasterViewController.m */,
				7A2A4C0818928B5B00DE8199 /* DetailViewController.h */,
				7A2A4C0918928B5B00DE8199 /* DetailViewController.m */,
				7A2A4C0B18928B5B00DE8199 /* Images.xcassets */,
				7A2A4C0218928B5B00DE8199 /* ControllingSource.xcdatamodeld */,
				7A2A4BF418928B5B00DE8199 /* Supporting Files */,
			);
			path = ControllingSource;
			sourceTree = "<group>";
		};
		7A2A4BF418928B5B00DE8199 /* Supporting Files */ = {
			isa = PBXGroup;
			children = (
				7A2A4BF518928B5B00DE8199 /* ControllingSource-Info.plist */,
				7A2A4BF618928B5B00DE8199 /* InfoPlist.strings */,
				7A2A4BF918928B5B00DE8199 /* main.m */,
				7A2A4BFB18928B5B00DE8199 /* ControllingSource-Prefix.pch */,
			);
			name = "Supporting Files";
			sourceTree = "<group>";
		};
		7A2A4C1918928B5B00DE8199 /* ControllingSourceTests */ = {
			isa = PBXGroup;
			children = (
				7A2A4C1F18928B5B00DE8199 /* ControllingSourceTests.m */,
				7A2A4C1A18928B5B00DE8199 /* Supporting Files */,
			);
			path = ControllingSourceTests;
			sourceTree = "<group>";
		};
		7A2A4C1A18928B5B00DE8199 /* Supporting Files */ = {
			isa = PBXGroup;
			children = (
				7A2A4C1B18928B5B00DE8199 /* ControllingSourceTests-Info.plist */,
				7A2A4C1C18928B5B00DE8199 /* InfoPlist.strings */,
			);
			name = "Supporting Files";
			sourceTree = "<group>";
		};
/* End PBXGroup section */

/* Begin PBXNativeTarget section */
		7A2A4BE718928B5B00DE8199 /* ControllingSource */ = {
			isa = PBXNativeTarget;
			buildConfigurationList = 7A2A4C2318928B5B00DE8199 /* Build configuration list for PBXNativeTarget "ControllingSource" */;
			buildPhases = (
				7A2A4BE418928B5B00DE8199 /* Sources */,
				7A2A4BE518928B5B00DE8199 /* Frameworks */,
				7A2A4BE618928B5B00DE8199 /* Resources */,
			);
			buildRules = (
			);
			dependencies = (
			);
			name = ControllingSource;
			productName = ControllingSource;
			productReference = 7A2A4BE818928B5B00DE8199 /* ControllingSource.app */;
			productType = "com.apple.product-type.application";
		};
		7A2A4C1018928B5B00DE8199 /* ControllingSourceTests */ = {
			isa = PBXNativeTarget;
			buildConfigurationList = 7A2A4C2618928B5B00DE8199 /* Build configuration list for PBXNativeTarget "ControllingSourceTests" */;
			buildPhases = (
				7A2A4C0D18928B5B00DE8199 /* Sources */,
				7A2A4C0E18928B5B00DE8199 /* Frameworks */,
				7A2A4C0F18928B5B00DE8199 /* Resources */,
			);
			buildRules = (
			);
			dependencies = (
				7A2A4C1818928B5B00DE8199 /* PBXTargetDependency */,
			);
			name = ControllingSourceTests;
			productName = ControllingSourceTests;
			productReference = 7A2A4C1118928B5B00DE8199 /* ControllingSourceTests.xctest */;
			productType = "com.apple.product-type.bundle.unit-test";
		};
/* End PBXNativeTarget section */

/* Begin PBXProject section */
		7A2A4BE018928B5B00DE8199 /* Project object */ = {
			isa = PBXProject;
			attributes = {
				LastUpgradeCheck = 0500;
				ORGANIZATIONNAME = novus;
				TargetAttributes = {
					7A2A4C1018928B5B00DE8199 = {
						TestTargetID = 7A2A4BE718928B5B00DE8199;
					};
				};
			};
			buildConfigurationList = 7A2A4BE318928B5B00DE8199 /* Build configuration list for PBXProject "ControllingSource" */;
			compatibilityVersion = "Xcode 3.2";
			developmentRegion = English;
			hasScannedForEncodings = 0;
			knownRegions = (
				en,
				Base,
			);
			mainGroup = 7A2A4BDF18928B5B00DE8199;
			productRefGroup = 7A2A4BE918928B5B00DE8199 /* Products */;
			projectDirPath = "";
			projectRoot = "";
			targets = (
				7A2A4BE718928B5B00DE8199 /* ControllingSource */,
				7A2A4C1018928B5B00DE8199 /* ControllingSourceTests */,
			);
		};
/* End PBXProject section */

/* Begin PBXResourcesBuildPhase section */
		7A2A4BE618928B5B00DE8199 /* Resources */ = {
			isa = PBXResourcesBuildPhase;
			buildActionMask = 2147483647;
			files = (
				7A2A4C0C18928B5B00DE8199 /* Images.xcassets in Resources */,
				7A2A4BF818928B5B00DE8199 /* InfoPlist.strings in Resources */,
				7A2A4C0118928B5B00DE8199 /* Main.storyboard in Resources */,
			);
			runOnlyForDeploymentPostprocessing = 0;
		};
		7A2A4C0F18928B5B00DE8199 /* Resources */ = {
			isa = PBXResourcesBuildPhase;
			buildActionMask = 2147483647;
			files = (
				7A2A4C1E18928B5B00DE8199 /* InfoPlist.strings in Resources */,
			);
			runOnlyForDeploymentPostprocessing = 0;
		};
/* End PBXResourcesBuildPhase section */

/* Begin PBXSourcesBuildPhase section */
		7A2A4BE418928B5B00DE8199 /* Sources */ = {
			isa = PBXSourcesBuildPhase;
			buildActionMask = 2147483647;
			files = (
				7A2A4C0A18928B5B00DE8199 /* DetailViewController.m in Sources */,
				7A2A4C0718928B5B00DE8199 /* MasterViewController.m in Sources */,
				7A2A4C0418928B5B00DE8199 /* ControllingSource.xcdatamodeld in Sources */,
				7A2A4BFE18928B5B00DE8199 /* AppDelegate.m in Sources */,
				7A2A4BFA18928B5B00DE8199 /* main.m in Sources */,
			);
			runOnlyForDeploymentPostprocessing = 0;
		};
		7A2A4C0D18928B5B00DE8199 /* Sources */ = {
			isa = PBXSourcesBuildPhase;
			buildActionMask = 2147483647;
			files = (
				7A2A4C2018928B5B00DE8199 /* ControllingSourceTests.m in Sources */,
			);
			runOnlyForDeploymentPostprocessing = 0;
		};
/* End PBXSourcesBuildPhase section */

/* Begin PBXTargetDependency section */
		7A2A4C1818928B5B00DE8199 /* PBXTargetDependency */ = {
			isa = PBXTargetDependency;
			target = 7A2A4BE718928B5B00DE8199 /* ControllingSource */;
			targetProxy = 7A2A4C1718928B5B00DE8199 /* PBXContainerItemProxy */;
		};
/* End PBXTargetDependency section */

/* Begin PBXVariantGroup section */
		7A2A4BF618928B5B00DE8199 /* InfoPlist.strings */ = {
			isa = PBXVariantGroup;
			children = (
				7A2A4BF718928B5B00DE8199 /* en */,
			);
			name = InfoPlist.strings;
			sourceTree = "<group>";
		};
		7A2A4BFF18928B5B00DE8199 /* Main.storyboard */ = {
			isa = PBXVariantGroup;
			children = (
				7A2A4C0018928B5B00DE8199 /* Base */,
			);
			name = Main.storyboard;
			sourceTree = "<group>";
		};
		7A2A4C1C18928B5B00DE8199 /* InfoPlist.strings */ = {
			isa = PBXVariantGroup;
			children = (
				7A2A4C1D18928B5B00DE8199 /* en */,
			);
			name = InfoPlist.strings;
			sourceTree = "<group>";
		};
/* End PBXVariantGroup section */

/* Begin XCBuildConfiguration section */
		7A2A4C2118928B5B00DE8199 /* Debug */ = {
			isa = XCBuildConfiguration;
			buildSettings = {
				ALWAYS_SEARCH_USER_PATHS = NO;
				ARCHS = "$(ARCHS_STANDARD_INCLUDING_64_BIT)";
				CLANG_CXX_LANGUAGE_STANDARD = "gnu++0x";
				CLANG_CXX_LIBRARY = "libc++";
				CLANG_ENABLE_MODULES = YES;
				CLANG_ENABLE_OBJC_ARC = YES;
				CLANG_WARN_BOOL_CONVERSION = YES;
				CLANG_WARN_CONSTANT_CONVERSION = YES;
				CLANG_WARN_DIRECT_OBJC_ISA_USAGE = YES_ERROR;
				CLANG_WARN_EMPTY_BODY = YES;
				CLANG_WARN_ENUM_CONVERSION = YES;
				CLANG_WARN_INT_CONVERSION = YES;
				CLANG_WARN_OBJC_ROOT_CLASS = YES_ERROR;
				CLANG_WARN__DUPLICATE_METHOD_MATCH = YES;
				"CODE_SIGN_IDENTITY[sdk=iphoneos*]" = "iPhone Developer";
				COPY_PHASE_STRIP = NO;
				GCC_C_LANGUAGE_STANDARD = gnu99;
				GCC_DYNAMIC_NO_PIC = NO;
				GCC_OPTIMIZATION_LEVEL = 0;
				GCC_PREPROCESSOR_DEFINITIONS = (
					"DEBUG=1",
					"$(inherited)",
				);
				GCC_SYMBOLS_PRIVATE_EXTERN = NO;
				GCC_WARN_64_TO_32_BIT_CONVERSION = YES;
				GCC_WARN_ABOUT_RETURN_TYPE = YES_ERROR;
				GCC_WARN_UNDECLARED_SELECTOR = YES;
				GCC_WARN_UNINITIALIZED_AUTOS = YES;
				GCC_WARN_UNUSED_FUNCTION = YES;
				GCC_WARN_UNUSED_VARIABLE = YES;
				IPHONEOS_DEPLOYMENT_TARGET = 7.0;
				ONLY_ACTIVE_ARCH = YES;
				SDKROOT = iphoneos;
			};
			name = Debug;
		};
		7A2A4C2218928B5B00DE8199 /* Release */ = {
			isa = XCBuildConfiguration;
			buildSettings = {
				ALWAYS_SEARCH_USER_PATHS = NO;
				ARCHS = "$(ARCHS_STANDARD_INCLUDING_64_BIT)";
				CLANG_CXX_LANGUAGE_STANDARD = "gnu++0x";
				CLANG_CXX_LIBRARY = "libc++";
				CLANG_ENABLE_MODULES = YES;
				CLANG_ENABLE_OBJC_ARC = YES;
				CLANG_WARN_BOOL_CONVERSION = YES;
				CLANG_WARN_CONSTANT_CONVERSION = YES;
				CLANG_WARN_DIRECT_OBJC_ISA_USAGE = YES_ERROR;
				CLANG_WARN_EMPTY_BODY = YES;
				CLANG_WARN_ENUM_CONVERSION = YES;
				CLANG_WARN_INT_CONVERSION = YES;
				CLANG_WARN_OBJC_ROOT_CLASS = YES_ERROR;
				CLANG_WARN__DUPLICATE_METHOD_MATCH = YES;
				"CODE_SIGN_IDENTITY[sdk=iphoneos*]" = "iPhone Developer";
				COPY_PHASE_STRIP = YES;
				ENABLE_NS_ASSERTIONS = NO;
				GCC_C_LANGUAGE_STANDARD = gnu99;
				GCC_WARN_64_TO_32_BIT_CONVERSION = YES;
				GCC_WARN_ABOUT_RETURN_TYPE = YES_ERROR;
				GCC_WARN_UNDECLARED_SELECTOR = YES;
				GCC_WARN_UNINITIALIZED_AUTOS = YES;
				GCC_WARN_UNUSED_FUNCTION = YES;
				GCC_WARN_UNUSED_VARIABLE = YES;
				IPHONEOS_DEPLOYMENT_TARGET = 7.0;
				SDKROOT = iphoneos;
				VALIDATE_PRODUCT = YES;
			};
			name = Release;
		};
		7A2A4C2418928B5B00DE8199 /* Debug */ = {
			isa = XCBuildConfiguration;
			buildSettings = {
				ASSETCATALOG_COMPILER_APPICON_NAME = AppIcon;
				ASSETCATALOG_COMPILER_LAUNCHIMAGE_NAME = LaunchImage;
				GCC_PRECOMPILE_PREFIX_HEADER = YES;
				GCC_PREFIX_HEADER = "ControllingSource/ControllingSource-Prefix.pch";
				INFOPLIST_FILE = "ControllingSource/ControllingSource-Info.plist";
				PRODUCT_NAME = "$(TARGET_NAME)";
				WRAPPER_EXTENSION = app;
			};
			name = Debug;
		};
		7A2A4C2518928B5B00DE8199 /* Release */ = {
			isa = XCBuildConfiguration;
			buildSettings = {
				ASSETCATALOG_COMPILER_APPICON_NAME = AppIcon;
				ASSETCATALOG_COMPILER_LAUNCHIMAGE_NAME = LaunchImage;
				GCC_PRECOMPILE_PREFIX_HEADER = YES;
				GCC_PREFIX_HEADER = "ControllingSource/ControllingSource-Prefix.pch";
				INFOPLIST_FILE = "ControllingSource/ControllingSource-Info.plist";
				PRODUCT_NAME = "$(TARGET_NAME)";
				WRAPPER_EXTENSION = app;
			};
			name = Release;
		};
		7A2A4C2718928B5B00DE8199 /* Debug */ = {
			isa = XCBuildConfiguration;
			buildSettings = {
				ARCHS = "$(ARCHS_STANDARD_INCLUDING_64_BIT)";
				BUNDLE_LOADER = "$(BUILT_PRODUCTS_DIR)/ControllingSource.app/ControllingSource";
				FRAMEWORK_SEARCH_PATHS = (
					"$(SDKROOT)/Developer/Library/Frameworks",
					"$(inherited)",
					"$(DEVELOPER_FRAMEWORKS_DIR)",
				);
				GCC_PRECOMPILE_PREFIX_HEADER = YES;
				GCC_PREFIX_HEADER = "ControllingSource/ControllingSource-Prefix.pch";
				GCC_PREPROCESSOR_DEFINITIONS = (
					"DEBUG=1",
					"$(inherited)",
				);
				INFOPLIST_FILE = "ControllingSourceTests/ControllingSourceTests-Info.plist";
				PRODUCT_NAME = "$(TARGET_NAME)";
				TEST_HOST = "$(BUNDLE_LOADER)";
				WRAPPER_EXTENSION = xctest;
			};
			name = Debug;
		};
		7A2A4C2818928B5B00DE8199 /* Release */ = {
			isa = XCBuildConfiguration;
			buildSettings = {
				ARCHS = "$(ARCHS_STANDARD_INCLUDING_64_BIT)";
				BUNDLE_LOADER = "$(BUILT_PRODUCTS_DIR)/ControllingSource.app/ControllingSource";
				FRAMEWORK_SEARCH_PATHS = (
					"$(SDKROOT)/Developer/Library/Frameworks",
					"$(inherited)",
					"$(DEVELOPER_FRAMEWORKS_DIR)",
				);
				GCC_PRECOMPILE_PREFIX_HEADER = YES;
				GCC_PREFIX_HEADER = "ControllingSource/ControllingSource-Prefix.pch";
				INFOPLIST_FILE = "ControllingSourceTests/ControllingSourceTests-Info.plist";
				PRODUCT_NAME = "$(TARGET_NAME)";
				TEST_HOST = "$(BUNDLE_LOADER)";
				WRAPPER_EXTENSION = xctest;
			};
			name = Release;
		};
/* End XCBuildConfiguration section */

/* Begin XCConfigurationList section */
		7A2A4BE318928B5B00DE8199 /* Build configuration list for PBXProject "ControllingSource" */ = {
			isa = XCConfigurationList;
			buildConfigurations = (
				7A2A4C2118928B5B00DE8199 /* Debug */,
				7A2A4C2218928B5B00DE8199 /* Release */,
			);
			defaultConfigurationIsVisible = 0;
			defaultConfigurationName = Release;
		};
		7A2A4C2318928B5B00DE8199 /* Build configuration list for PBXNativeTarget "ControllingSource" */ = {
			isa = XCConfigurationList;
			buildConfigurations = (
				7A2A4C2418928B5B00DE8199 /* Debug */,
				7A2A4C2518928B5B00DE8199 /* Release */,
			);
			defaultConfigurationIsVisible = 0;
		};
		7A2A4C2618928B5B00DE8199 /* Build configuration list for PBXNativeTarget "ControllingSourceTests" */ = {
			isa = XCConfigurationList;
			buildConfigurations = (
				7A2A4C2718928B5B00DE8199 /* Debug */,
				7A2A4C2818928B5B00DE8199 /* Release */,
			);
			defaultConfigurationIsVisible = 0;
		};
/* End XCConfigurationList section */

/* Begin XCVersionGroup section */
		7A2A4C0218928B5B00DE8199 /* ControllingSource.xcdatamodeld */ = {
			isa = XCVersionGroup;
			children = (
				7A2A4C0318928B5B00DE8199 /* ControllingSource.xcdatamodel */,
			);
			currentVersion = 7A2A4C0318928B5B00DE8199 /* ControllingSource.xcdatamodel */;
			path = ControllingSource.xcdatamodeld;
			sourceTree = "<group>";
			versionGroupType = wrapper.xcdatamodel;
		};
/* End XCVersionGroup section */
	};
	rootObject = 7A2A4BE018928B5B00DE8199 /* Project object */;
}
